authorization_denied
email_added
email_deleted
email_verified
export_task_created
group_created
group_deleted
group_member_added
group_member_removed
group_relationship_created
group_relationship_deleted
group_updated
jobs_deleted
login_failed
mfa_backup_codes_regenerated
mfa_disabled
mfa_downgraded_to_email
mfa_email_enabled
mfa_reset_by_admin
mfa_totp_enabled
oauth2_client_created
oauth2_client_deactivated
oauth2_client_deleted
oauth2_client_reactivated
oauth2_client_role_changed
oauth2_client_secret_regenerated
oauth2_client_updated
password_set
primary_email_changed
privileged_domain_added
privileged_domain_deleted
reactivation_approved
reactivation_denied
reactivation_requested
saml_domain_bound
saml_domain_rebound
saml_domain_unbound
saml_idp_created
saml_idp_deleted
saml_idp_disabled
saml_idp_enabled
saml_idp_metadata_refreshed
saml_idp_set_default
saml_idp_updated
saml_sp_certificate_created
saml_sp_certificate_rotated
super_admin_self_reactivated
tenant_settings_updated
totp_setup_initiated
user_anonymized
user_auto_inactivated
user_created
user_created_jit
user_deleted
user_inactivated
user_profile_updated
user_reactivated
user_saml_idp_assigned
user_signed_in
user_signed_in_saml
user_signed_out
user_updated
